
Microsoft Visual Studio Solution File, Format Version 12.00
# Visual Studio 15
VisualStudioVersion = 15.0.28307.757
MinimumVisualStudioVersion = 10.0.40219.1
Project("{FAE04EC0-301F-11D3-BF4B-00C04F79EFBC}") = "WFArrowClockCtrl", "WFArrowClockCtrl\WFArrowClockCtrl.csproj", "{0F7D3D47-34A6-4B28-B800-76303C0DC435}"
EndProject
Project("{FAE04EC0-301F-11D3-BF4B-00C04F79EFBC}") = "WFTestArrowClockCtrl", "WFTestArrowClockCtrl\WFTestArrowClockCtrl.csproj", "{D4ABFA12-2C63-44F3-9F6A-56719D1E1610}"
EndProject
Global
	GlobalSection(SolutionConfigurationPlatforms) = preSolution
		Debug|Any CPU = Debug|Any CPU
		Release|Any CPU = Release|Any CPU
	EndGlobalSection
	GlobalSection(ProjectConfigurationPlatforms) = postSolution
		{0F7D3D47-34A6-4B28-B800-76303C0DC435}.Debug|Any CPU.ActiveCfg = Debug|Any CPU
		{0F7D3D47-34A6-4B28-B800-76303C0DC435}.Debug|Any CPU.Build.0 = Debug|Any CPU
		{0F7D3D47-34A6-4B28-B800-76303C0DC435}.Release|Any CPU.ActiveCfg = Release|Any CPU
		{0F7D3D47-34A6-4B28-B800-76303C0DC435}.Release|Any CPU.Build.0 = Release|Any CPU
		{D4ABFA12-2C63-44F3-9F6A-56719D1E1610}.Debug|Any CPU.ActiveCfg = Debug|Any CPU
		{D4ABFA12-2C63-44F3-9F6A-56719D1E1610}.Debug|Any CPU.Build.0 = Debug|Any CPU
		{D4ABFA12-2C63-44F3-9F6A-56719D1E1610}.Release|Any CPU.ActiveCfg = Release|Any CPU
		{D4ABFA12-2C63-44F3-9F6A-56719D1E1610}.Release|Any CPU.Build.0 = Release|Any CPU
	EndGlobalSection
	GlobalSection(SolutionProperties) = preSolution
		HideSolutionNode = FALSE
	EndGlobalSection
	GlobalSection(ExtensibilityGlobals) = postSolution
		SolutionGuid = {407983EA-46D7-40A6-AF5D-849BC057C745}
	EndGlobalSection
EndGlobal
